
Microsoft Visual Studio Solution File, Format Version 12.00
# Visual Studio Version 16
VisualStudioVersion = 16.0.30621.155
MinimumVisualStudioVersion = 10.0.40219.1
Project("{FAE04EC0-301F-11D3-BF4B-00C04F79EFBC}") = "EmployeeLibrary", "EmployeeLibrary\EmployeeLibrary.csproj", "{1B09327E-E2AD-4E92-8F6F-AC922DBEE020}"
EndProject
Project("{FAE04EC0-301F-11D3-BF4B-00C04F79EFBC}") = "ServiceHostConsole", "ServiceHostConsole\ServiceHostConsole.csproj", "{041B86C0-28FC-44DA-B6BD-A157A8578BA3}"
EndProject
Project("{FAE04EC0-301F-11D3-BF4B-00C04F79EFBC}") = "EmployeeClient", "EmployeeClient\EmployeeClient.csproj", "{DB65099B-3528-4333-8715-163F1A1601E2}"
	ProjectSection(ProjectDependencies) = postProject
		{1B09327E-E2AD-4E92-8F6F-AC922DBEE020} = {1B09327E-E2AD-4E92-8F6F-AC922DBEE020}
	EndProjectSection
EndProject
Global
	GlobalSection(SolutionConfigurationPlatforms) = preSolution
		Debug|Any CPU = Debug|Any CPU
		Release|Any CPU = Release|Any CPU
	EndGlobalSection
	GlobalSection(ProjectConfigurationPlatforms) = postSolution
		{1B09327E-E2AD-4E92-8F6F-AC922DBEE020}.Debug|Any CPU.ActiveCfg = Debug|Any CPU
		{1B09327E-E2AD-4E92-8F6F-AC922DBEE020}.Debug|Any CPU.Build.0 = Debug|Any CPU
		{1B09327E-E2AD-4E92-8F6F-AC922DBEE020}.Release|Any CPU.ActiveCfg = Release|Any CPU
		{1B09327E-E2AD-4E92-8F6F-AC922DBEE020}.Release|Any CPU.Build.0 = Release|Any CPU
		{041B86C0-28FC-44DA-B6BD-A157A8578BA3}.Debug|Any CPU.ActiveCfg = Debug|Any CPU
		{041B86C0-28FC-44DA-B6BD-A157A8578BA3}.Debug|Any CPU.Build.0 = Debug|Any CPU
		{041B86C0-28FC-44DA-B6BD-A157A8578BA3}.Release|Any CPU.ActiveCfg = Release|Any CPU
		{041B86C0-28FC-44DA-B6BD-A157A8578BA3}.Release|Any CPU.Build.0 = Release|Any CPU
		{DB65099B-3528-4333-8715-163F1A1601E2}.Debug|Any CPU.ActiveCfg = Debug|Any CPU
		{DB65099B-3528-4333-8715-163F1A1601E2}.Debug|Any CPU.Build.0 = Debug|Any CPU
		{DB65099B-3528-4333-8715-163F1A1601E2}.Release|Any CPU.ActiveCfg = Release|Any CPU
		{DB65099B-3528-4333-8715-163F1A1601E2}.Release|Any CPU.Build.0 = Release|Any CPU
	EndGlobalSection
	GlobalSection(SolutionProperties) = preSolution
		HideSolutionNode = FALSE
	EndGlobalSection
	GlobalSection(ExtensibilityGlobals) = postSolution
		SolutionGuid = {3917E58B-EBF1-4C0A-A735-DE89C8AB726D}
	EndGlobalSection
EndGlobal
